
Microsoft Visual Studio Solution File, Format Version 12.00
# Visual Studio Version 16
VisualStudioVersion = 16.0.30114.105
MinimumVisualStudioVersion = 10.0.40219.1
Project("{FAE04EC0-301F-11D3-BF4B-00C04F79EFBC}") = "PrimeService", "PrimeService\PrimeService.csproj", "{BBCB7B7D-3F42-4388-9128-006150F6F4FD}"
EndProject
Project("{FAE04EC0-301F-11D3-BF4B-00C04F79EFBC}") = "PrimeService.Tests", "PrimeService.Tests\PrimeService.Tests.csproj", "{1688615F-5206-4EAD-8D7D-FE086E390B68}"
EndProject
Global
	GlobalSection(SolutionConfigurationPlatforms) = preSolution
		Debug|Any CPU = Debug|Any CPU
		Release|Any CPU = Release|Any CPU
	EndGlobalSection
	GlobalSection(SolutionProperties) = preSolution
		HideSolutionNode = FALSE
	EndGlobalSection
	GlobalSection(ProjectConfigurationPlatforms) = postSolution
		{BBCB7B7D-3F42-4388-9128-006150F6F4FD}.Debug|Any CPU.ActiveCfg = Debug|Any CPU
		{BBCB7B7D-3F42-4388-9128-006150F6F4FD}.Debug|Any CPU.Build.0 = Debug|Any CPU
		{BBCB7B7D-3F42-4388-9128-006150F6F4FD}.Release|Any CPU.ActiveCfg = Release|Any CPU
		{BBCB7B7D-3F42-4388-9128-006150F6F4FD}.Release|Any CPU.Build.0 = Release|Any CPU
		{1688615F-5206-4EAD-8D7D-FE086E390B68}.Debug|Any CPU.ActiveCfg = Debug|Any CPU
		{1688615F-5206-4EAD-8D7D-FE086E390B68}.Debug|Any CPU.Build.0 = Debug|Any CPU
		{1688615F-5206-4EAD-8D7D-FE086E390B68}.Release|Any CPU.ActiveCfg = Release|Any CPU
		{1688615F-5206-4EAD-8D7D-FE086E390B68}.Release|Any CPU.Build.0 = Release|Any CPU
	EndGlobalSection
EndGlobal
